
Microsoft Visual Studio Solution File, Format Version 12.00
# Visual Studio 14
VisualStudioVersion = 14.0.25420.1
MinimumVisualStudioVersion = 10.0.40219.1
Project("{F184B08F-C81C-45F6-A57F-5ABD9991F28F}") = "tinyak", "web\tinyak\tinyak.vbproj", "{8542F93F-03B6-4B7C-8117-BE84F382F471}"
EndProject
Project("{F184B08F-C81C-45F6-A57F-5ABD9991F28F}") = "Core", "Core\Core.vbproj", "{58B586DE-DECB-4CBB-AAF0-596E51A15AFD}"
EndProject
Project("{F184B08F-C81C-45F6-A57F-5ABD9991F28F}") = "Data", "Data\Data.vbproj", "{52138570-BCE0-4050-AD22-4AEEA3760C5F}"
EndProject
Project("{F184B08F-C81C-45F6-A57F-5ABD9991F28F}") = "API.Shared", "API.Shared\API.Shared.vbproj", "{0F7174D2-036A-4AFF-A49B-E4BF50076893}"
EndProject
Project("{F184B08F-C81C-45F6-A57F-5ABD9991F28F}") = "Interface", "Interface\Interface.vbproj", "{ACC2F672-6172-4C33-9109-0BEC9C52E933}"
	ProjectSection(ProjectDependencies) = postProject
		{8542F93F-03B6-4B7C-8117-BE84F382F471} = {8542F93F-03B6-4B7C-8117-BE84F382F471}
	EndProjectSection
EndProject
Project("{F184B08F-C81C-45F6-A57F-5ABD9991F28F}") = "Client", "Client\Client.vbproj", "{F52E13FB-3178-44CD-AED4-C35119746CF1}"
EndProject
Global
	GlobalSection(SolutionConfigurationPlatforms) = preSolution
		Debug|Any CPU = Debug|Any CPU
		Release|Any CPU = Release|Any CPU
	EndGlobalSection
	GlobalSection(ProjectConfigurationPlatforms) = postSolution
		{8542F93F-03B6-4B7C-8117-BE84F382F471}.Debug|Any CPU.ActiveCfg = Debug|Any CPU
		{8542F93F-03B6-4B7C-8117-BE84F382F471}.Debug|Any CPU.Build.0 = Debug|Any CPU
		{8542F93F-03B6-4B7C-8117-BE84F382F471}.Release|Any CPU.ActiveCfg = Release|Any CPU
		{8542F93F-03B6-4B7C-8117-BE84F382F471}.Release|Any CPU.Build.0 = Release|Any CPU
		{58B586DE-DECB-4CBB-AAF0-596E51A15AFD}.Debug|Any CPU.ActiveCfg = Debug|Any CPU
		{58B586DE-DECB-4CBB-AAF0-596E51A15AFD}.Debug|Any CPU.Build.0 = Debug|Any CPU
		{58B586DE-DECB-4CBB-AAF0-596E51A15AFD}.Release|Any CPU.ActiveCfg = Release|Any CPU
		{58B586DE-DECB-4CBB-AAF0-596E51A15AFD}.Release|Any CPU.Build.0 = Release|Any CPU
		{52138570-BCE0-4050-AD22-4AEEA3760C5F}.Debug|Any CPU.ActiveCfg = Debug|Any CPU
		{52138570-BCE0-4050-AD22-4AEEA3760C5F}.Debug|Any CPU.Build.0 = Debug|Any CPU
		{52138570-BCE0-4050-AD22-4AEEA3760C5F}.Release|Any CPU.ActiveCfg = Release|Any CPU
		{52138570-BCE0-4050-AD22-4AEEA3760C5F}.Release|Any CPU.Build.0 = Release|Any CPU
		{0F7174D2-036A-4AFF-A49B-E4BF50076893}.Debug|Any CPU.ActiveCfg = Debug|Any CPU
		{0F7174D2-036A-4AFF-A49B-E4BF50076893}.Debug|Any CPU.Build.0 = Debug|Any CPU
		{0F7174D2-036A-4AFF-A49B-E4BF50076893}.Release|Any CPU.ActiveCfg = Release|Any CPU
		{0F7174D2-036A-4AFF-A49B-E4BF50076893}.Release|Any CPU.Build.0 = Release|Any CPU
		{ACC2F672-6172-4C33-9109-0BEC9C52E933}.Debug|Any CPU.ActiveCfg = Debug|Any CPU
		{ACC2F672-6172-4C33-9109-0BEC9C52E933}.Debug|Any CPU.Build.0 = Debug|Any CPU
		{ACC2F672-6172-4C33-9109-0BEC9C52E933}.Release|Any CPU.ActiveCfg = Release|Any CPU
		{ACC2F672-6172-4C33-9109-0BEC9C52E933}.Release|Any CPU.Build.0 = Release|Any CPU
		{F52E13FB-3178-44CD-AED4-C35119746CF1}.Debug|Any CPU.ActiveCfg = Debug|Any CPU
		{F52E13FB-3178-44CD-AED4-C35119746CF1}.Debug|Any CPU.Build.0 = Debug|Any CPU
		{F52E13FB-3178-44CD-AED4-C35119746CF1}.Release|Any CPU.ActiveCfg = Release|Any CPU
		{F52E13FB-3178-44CD-AED4-C35119746CF1}.Release|Any CPU.Build.0 = Release|Any CPU
	EndGlobalSection
	GlobalSection(SolutionProperties) = preSolution
		HideSolutionNode = FALSE
	EndGlobalSection
EndGlobal
